// !$*UTF8*$!
{
	archiveVersion = 1;
	classes = {
	};
	objectVersion = 46;
	objects = {

/* Begin PBXBuildFile section */
		4FCB73811C6A646600BD3FFC /* sendpoint.c in Sources */ = {isa = PBXBuildFile; fileRef = 4FCB73801C6A646600BD3FFC /* sendpoint.c */; };
		4FCB73881C6A657500BD3FFC /* libcurl.4.tbd in Frameworks */ = {isa = PBXBuildFile; fileRef = 4FCB73871C6A657500BD3FFC /* libcurl.4.tbd */; };
/* End PBXBuildFile section */

/* Begin PBXCopyFilesBuildPhase section */
		4FCB737B1C6A646600BD3FFC /* CopyFiles */ = {
			isa = PBXCopyFilesBuildPhase;
			buildActionMask = 2147483647;
			dstPath = /usr/share/man/man1/;
			dstSubfolderSpec = 0;
			files = (
			);
			runOnlyForDeploymentPostprocessing = 1;
		};
/* End PBXCopyFilesBuildPhase section */

/* Begin PBXFileReference section */
		4FCB737D1C6A646600BD3FFC /* sendpoint */ = {isa = PBXFileReference; explicitFileType = "compiled.mach-o.executable"; includeInIndex = 0; path = sendpoint; sourceTree = BUILT_PRODUCTS_DIR; };
		4FCB73801C6A646600BD3FFC /* sendpoint.c */ = {isa = PBXFileReference; lastKnownFileType = sourcecode.c.c; path = sendpoint.c; sourceTree = "<group>"; };
		4FCB73871C6A657500BD3FFC /* libcurl.4.tbd */ = {isa = PBXFileReference; lastKnownFileType = "sourcecode.text-based-dylib-definition"; name = libcurl.4.tbd; path = usr/lib/libcurl.4.tbd; sourceTree = SDKROOT; };
/* End PBXFileReference section */

/* Begin PBXFrameworksBuildPhase section */
		4FCB737A1C6A646600BD3FFC /* Frameworks */ = {
			isa = PBXFrameworksBuildPhase;
			buildActionMask = 2147483647;
			files = (
				4FCB73881C6A657500BD3FFC /* libcurl.4.tbd in Frameworks */,
			);
			runOnlyForDeploymentPostprocessing = 0;
		};
/* End PBXFrameworksBuildPhase section */

/* Begin PBXGroup section */
		4FCB73741C6A646600BD3FFC = {
			isa = PBXGroup;
			children = (
				4FCB73871C6A657500BD3FFC /* libcurl.4.tbd */,
				4FCB737F1C6A646600BD3FFC /* sendpoint */,
				4FCB737E1C6A646600BD3FFC /* Products */,
			);
			sourceTree = "<group>";
		};
		4FCB737E1C6A646600BD3FFC /* Products */ = {
			isa = PBXGroup;
			children = (
				4FCB737D1C6A646600BD3FFC /* sendpoint */,
			);
			name = Products;
			sourceTree = "<group>";
		};
		4FCB737F1C6A646600BD3FFC /* sendpoint */ = {
			isa = PBXGroup;
			children = (
				4FCB73801C6A646600BD3FFC /* sendpoint.c */,
			);
			path = sendpoint;
			sourceTree = "<group>";
		};
/* End PBXGroup section */

/* Begin PBXNativeTarget section */
		4FCB737C1C6A646600BD3FFC /* sendpoint */ = {
			isa = PBXNativeTarget;
			buildConfigurationList = 4FCB73841C6A646600BD3FFC /* Build configuration list for PBXNativeTarget "sendpoint" */;
			buildPhases = (
				4FCB73791C6A646600BD3FFC /* Sources */,
				4FCB737A1C6A646600BD3FFC /* Frameworks */,
				4FCB737B1C6A646600BD3FFC /* CopyFiles */,
			);
			buildRules = (
			);
			dependencies = (
			);
			name = sendpoint;
			productName = sendpoint;
			productReference = 4FCB737D1C6A646600BD3FFC /* sendpoint */;
			productType = "com.apple.product-type.tool";
		};
/* End PBXNativeTarget section */

/* Begin PBXProject section */
		4FCB73751C6A646600BD3FFC /* Project object */ = {
			isa = PBXProject;
			attributes = {
				LastUpgradeCheck = 0720;
				ORGANIZATIONNAME = Isak;
				TargetAttributes = {
					4FCB737C1C6A646600BD3FFC = {
						CreatedOnToolsVersion = 7.2.1;
					};
				};
			};
			buildConfigurationList = 4FCB73781C6A646600BD3FFC /* Build configuration list for PBXProject "sendpoint" */;
			compatibilityVersion = "Xcode 3.2";
			developmentRegion = English;
			hasScannedForEncodings = 0;
			knownRegions = (
				en,
			);
			mainGroup = 4FCB73741C6A646600BD3FFC;
			productRefGroup = 4FCB737E1C6A646600BD3FFC /* Products */;
			projectDirPath = "";
			projectRoot = "";
			targets = (
				4FCB737C1C6A646600BD3FFC /* sendpoint */,
			);
		};
/* End PBXProject section */

/* Begin PBXSourcesBuildPhase section */
		4FCB73791C6A646600BD3FFC /* Sources */ = {
			isa = PBXSourcesBuildPhase;
			buildActionMask = 2147483647;
			files = (
				4FCB73811C6A646600BD3FFC /* sendpoint.c in Sources */,
			);
			runOnlyForDeploymentPostprocessing = 0;
		};
/* End PBXSourcesBuildPhase section */

/* Begin XCBuildConfiguration section */
		4FCB73821C6A646600BD3FFC /* Debug */ = {
			isa = XCBuildConfiguration;
			buildSettings = {
				ALWAYS_SEARCH_USER_PATHS = NO;
				CLANG_CXX_LANGUAGE_STANDARD = "gnu++0x";
				CLANG_CXX_LIBRARY = "libc++";
				CLANG_ENABLE_MODULES = YES;
				CLANG_ENABLE_OBJC_ARC = YES;
				CLANG_WARN_BOOL_CONVERSION = YES;
				CLANG_WARN_CONSTANT_CONVERSION = YES;
				CLANG_WARN_DIRECT_OBJC_ISA_USAGE = YES_ERROR;
				CLANG_WARN_EMPTY_BODY = YES;
				CLANG_WARN_ENUM_CONVERSION = YES;
				CLANG_WARN_INT_CONVERSION = YES;
				CLANG_WARN_OBJC_ROOT_CLASS = YES_ERROR;
				CLANG_WARN_UNREACHABLE_CODE = YES;
				CLANG_WARN__DUPLICATE_METHOD_MATCH = YES;
				CODE_SIGN_IDENTITY = "-";
				COPY_PHASE_STRIP = NO;
				DEBUG_INFORMATION_FORMAT = dwarf;
				ENABLE_STRICT_OBJC_MSGSEND = YES;
				ENABLE_TESTABILITY = YES;
				GCC_C_LANGUAGE_STANDARD = gnu99;
				GCC_DYNAMIC_NO_PIC = NO;
				GCC_NO_COMMON_BLOCKS = YES;
				GCC_OPTIMIZATION_LEVEL = 0;
				GCC_PREPROCESSOR_DEFINITIONS = (
					"DEBUG=1",
					"$(inherited)",
				);
				GCC_WARN_64_TO_32_BIT_CONVERSION = YES;
				GCC_WARN_ABOUT_RETURN_TYPE = YES_ERROR;
				GCC_WARN_UNDECLARED_SELECTOR = YES;
				GCC_WARN_UNINITIALIZED_AUTOS = YES_AGGRESSIVE;
				GCC_WARN_UNUSED_FUNCTION = YES;
				GCC_WARN_UNUSED_VARIABLE = YES;
				MACOSX_DEPLOYMENT_TARGET = 10.11;
				MTL_ENABLE_DEBUG_INFO = YES;
				ONLY_ACTIVE_ARCH = YES;
				SDKROOT = macosx;
			};
			name = Debug;
		};
		4FCB73831C6A646600BD3FFC /* Release */ = {
			isa = XCBuildConfiguration;
			buildSettings = {
				ALWAYS_SEARCH_USER_PATHS = NO;
				CLANG_CXX_LANGUAGE_STANDARD = "gnu++0x";
				CLANG_CXX_LIBRARY = "libc++";
				CLANG_ENABLE_MODULES = YES;
				CLANG_ENABLE_OBJC_ARC = YES;
				CLANG_WARN_BOOL_CONVERSION = YES;
				CLANG_WARN_CONSTANT_CONVERSION = YES;
				CLANG_WARN_DIRECT_OBJC_ISA_USAGE = YES_ERROR;
				CLANG_WARN_EMPTY_BODY = YES;
				CLANG_WARN_ENUM_CONVERSION = YES;
				CLANG_WARN_INT_CONVERSION = YES;
				CLANG_WARN_OBJC_ROOT_CLASS = YES_ERROR;
				CLANG_WARN_UNREACHABLE_CODE = YES;
				CLANG_WARN__DUPLICATE_METHOD_MATCH = YES;
				CODE_SIGN_IDENTITY = "-";
				COPY_PHASE_STRIP = NO;
				DEBUG_INFORMATION_FORMAT = "dwarf-with-dsym";
				ENABLE_NS_ASSERTIONS = NO;
				ENABLE_STRICT_OBJC_MSGSEND = YES;
				GCC_C_LANGUAGE_STANDARD = gnu99;
				GCC_NO_COMMON_BLOCKS = YES;
				GCC_WARN_64_TO_32_BIT_CONVERSION = YES;
				GCC_WARN_ABOUT_RETURN_TYPE = YES_ERROR;
				GCC_WARN_UNDECLARED_SELECTOR = YES;
				GCC_WARN_UNINITIALIZED_AUTOS = YES_AGGRESSIVE;
				GCC_WARN_UNUSED_FUNCTION = YES;
				GCC_WARN_UNUSED_VARIABLE = YES;
				MACOSX_DEPLOYMENT_TARGET = 10.11;
				MTL_ENABLE_DEBUG_INFO = NO;
				SDKROOT = macosx;
			};
			name = Release;
		};
		4FCB73851C6A646600BD3FFC /* Debug */ = {
			isa = XCBuildConfiguration;
			buildSettings = {
				PRODUCT_NAME = "$(TARGET_NAME)";
			};
			name = Debug;
		};
		4FCB73861C6A646600BD3FFC /* Release */ = {
			isa = XCBuildConfiguration;
			buildSettings = {
				PRODUCT_NAME = "$(TARGET_NAME)";
			};
			name = Release;
		};
/* End XCBuildConfiguration section */

/* Begin XCConfigurationList section */
		4FCB73781C6A646600BD3FFC /* Build configuration list for PBXProject "sendpoint" */ = {
			isa = XCConfigurationList;
			buildConfigurations = (
				4FCB73821C6A646600BD3FFC /* Debug */,
				4FCB73831C6A646600BD3FFC /* Release */,
			);
			defaultConfigurationIsVisible = 0;
			defaultConfigurationName = Release;
		};
		4FCB73841C6A646600BD3FFC /* Build configuration list for PBXNativeTarget "sendpoint" */ = {
			isa = XCConfigurationList;
			buildConfigurations = (
				4FCB73851C6A646600BD3FFC /* Debug */,
				4FCB73861C6A646600BD3FFC /* Release */,
			);
			defaultConfigurationIsVisible = 0;
		};
/* End XCConfigurationList section */
	};
	rootObject = 4FCB73751C6A646600BD3FFC /* Project object */;
}
